
Microsoft Visual Studio Solution File, Format Version 12.00
# Visual Studio Version 17
VisualStudioVersion = 17.9.34607.119
MinimumVisualStudioVersion = 10.0.40219.1
Project("{FAE04EC0-301F-11D3-BF4B-00C04F79EFBC}") = "BlazeMarket", "BlazeMarket\BlazeMarket.csproj", "{CC8F6876-046E-4E54-B791-4300EC38BC07}"
EndProject
Project("{FAE04EC0-301F-11D3-BF4B-00C04F79EFBC}") = "BlazeMarket.Client", "BlazeMarket.Client\BlazeMarket.Client.csproj", "{ECEFB317-62B9-4304-982A-6D66211D4D68}"
EndProject
Global
	GlobalSection(SolutionConfigurationPlatforms) = preSolution
		Debug|Any CPU = Debug|Any CPU
		Release|Any CPU = Release|Any CPU
	EndGlobalSection
	GlobalSection(ProjectConfigurationPlatforms) = postSolution
		{CC8F6876-046E-4E54-B791-4300EC38BC07}.Debug|Any CPU.ActiveCfg = Debug|Any CPU
		{CC8F6876-046E-4E54-B791-4300EC38BC07}.Debug|Any CPU.Build.0 = Debug|Any CPU
		{CC8F6876-046E-4E54-B791-4300EC38BC07}.Release|Any CPU.ActiveCfg = Release|Any CPU
		{CC8F6876-046E-4E54-B791-4300EC38BC07}.Release|Any CPU.Build.0 = Release|Any CPU
		{ECEFB317-62B9-4304-982A-6D66211D4D68}.Debug|Any CPU.ActiveCfg = Debug|Any CPU
		{ECEFB317-62B9-4304-982A-6D66211D4D68}.Debug|Any CPU.Build.0 = Debug|Any CPU
		{ECEFB317-62B9-4304-982A-6D66211D4D68}.Release|Any CPU.ActiveCfg = Release|Any CPU
		{ECEFB317-62B9-4304-982A-6D66211D4D68}.Release|Any CPU.Build.0 = Release|Any CPU
	EndGlobalSection
	GlobalSection(SolutionProperties) = preSolution
		HideSolutionNode = FALSE
	EndGlobalSection
	GlobalSection(ExtensibilityGlobals) = postSolution
		SolutionGuid = {949F84C4-D8CA-4B1F-BEC5-6C288F2E56DA}
	EndGlobalSection
EndGlobal
